
Microsoft Visual Studio Solution File, Format Version 12.00
# Visual Studio Version 16
VisualStudioVersion = 16.0.30717.126
MinimumVisualStudioVersion = 10.0.40219.1
Project("{FAE04EC0-301F-11D3-BF4B-00C04F79EFBC}") = "TabMenuDesign", "TabMenuDesign.csproj", "{07F57506-9F1D-4F77-AD44-687F40D5D8FD}"
EndProject
Global
	GlobalSection(SolutionConfigurationPlatforms) = preSolution
		Debug|Any CPU = Debug|Any CPU
		Release|Any CPU = Release|Any CPU
	EndGlobalSection
	GlobalSection(ProjectConfigurationPlatforms) = postSolution
		{07F57506-9F1D-4F77-AD44-687F40D5D8FD}.Debug|Any CPU.ActiveCfg = Debug|Any CPU
		{07F57506-9F1D-4F77-AD44-687F40D5D8FD}.Debug|Any CPU.Build.0 = Debug|Any CPU
		{07F57506-9F1D-4F77-AD44-687F40D5D8FD}.Release|Any CPU.ActiveCfg = Release|Any CPU
		{07F57506-9F1D-4F77-AD44-687F40D5D8FD}.Release|Any CPU.Build.0 = Release|Any CPU
	EndGlobalSection
	GlobalSection(SolutionProperties) = preSolution
		HideSolutionNode = FALSE
	EndGlobalSection
	GlobalSection(ExtensibilityGlobals) = postSolution
		SolutionGuid = {3FD6DFE6-4B37-46A5-A17E-D5A18CA054F5}
	EndGlobalSection
EndGlobal
